<?xml version="1.0" encoding="utf-8"?>
<Project ToolsVersion="4.0" xmlns="http://schemas.microsoft.com/developer/msbuild/2003">
  <ItemGroup>
    <Filter Include="99.Default">
      <UniqueIdentifier>{f63c5c11-9081-45f6-b405-0bc323f158ff}</UniqueIdentifier>
    </Filter>
    <Filter Include="98.Header">
      <UniqueIdentifier>{a6a52ad3-542a-4721-ad83-498af094b68b}</UniqueIdentifier>
    </Filter>
    <Filter Include="00.MainApp">
      <UniqueIdentifier>{0f834cf1-0d48-481d-b54b-a6c796bcef51}</UniqueIdentifier>
    </Filter>
    <Filter Include="01.Scene">
      <UniqueIdentifier>{c8c00d8a-c4bb-47fb-a13c-071738810a8f}</UniqueIdentifier>
    </Filter>
    <Filter Include="01.Scene\00.Logo">
      <UniqueIdentifier>{dd51f687-6fee-4396-888a-8802c30cd251}</UniqueIdentifier>
    </Filter>
    <Filter Include="01.Scene\01.Stage">
      <UniqueIdentifier>{b7cdb33d-2933-4c81-a199-e2bf6ebcd1d3}</UniqueIdentifier>
    </Filter>
    <Filter Include="01.Scene\99.Loading">
      <UniqueIdentifier>{665e3d9e-c5f9-4eb7-967a-bca513a98384}</UniqueIdentifier>
    </Filter>
    <Filter Include="02.Object">
      <UniqueIdentifier>{d4218a93-01fe-4db7-a452-55d2a0639655}</UniqueIdentifier>
    </Filter>
    <Filter Include="02.Object\99.LogoBack">
      <UniqueIdentifier>{253bb7a9-a45f-438f-9d30-30f71f9a96ab}</UniqueIdentifier>
    </Filter>
    <Filter Include="02.Object\01.Soldier">
      <UniqueIdentifier>{652a4702-4b30-4df9-b540-5bdf8201398c}</UniqueIdentifier>
    </Filter>
    <Filter Include="Server">
      <UniqueIdentifier>{ecd47a3a-d1fb-47e3-ac8f-604a13a13bcc}</UniqueIdentifier>
    </Filter>
    <Filter Include="95.Engine">
      <UniqueIdentifier>{9753e9d1-c976-408b-958d-309e5939c842}</UniqueIdentifier>
    </Filter>
    <Filter Include="95.Engine\00.Utility">
      <UniqueIdentifier>{ba93f4de-191e-424b-a38a-e655b923625f}</UniqueIdentifier>
    </Filter>
    <Filter Include="95.Engine\01.Resources">
      <UniqueIdentifier>{cbc6c118-bf40-4403-a27b-d64b3c322f10}</UniqueIdentifier>
    </Filter>
    <Filter Include="95.Engine\01.Resources\02.Texture">
      <UniqueIdentifier>{f4a4d15d-2907-4bfc-a992-447c37707859}</UniqueIdentifier>
    </Filter>
    <Filter Include="95.Engine\02.System">
      <UniqueIdentifier>{1cd9df83-418f-4851-9b51-539515505b5b}</UniqueIdentifier>
    </Filter>
    <Filter Include="95.Engine\02.System\01.GraphicDev">
      <UniqueIdentifier>{de6e9836-2e4e-4466-a58f-095403807355}</UniqueIdentifier>
    </Filter>
    <Filter Include="95.Engine\02.System\03.Input">
      <UniqueIdentifier>{54f54fc8-f98a-4dae-8752-491ae2453c94}</UniqueIdentifier>
    </Filter>
    <Filter Include="95.Engine\02.System\02.Timer">
      <UniqueIdentifier>{d987daa2-d6b6-4799-9bb1-948a13b6ca30}</UniqueIdentifier>
    </Filter>
    <Filter Include="95.Engine\02.System\02.Timer\00.Manager">
      <UniqueIdentifier>{88682a80-50e5-44d4-93df-86d142c94d5f}</UniqueIdentifier>
    </Filter>
    <Filter Include="95.Engine\02.System\02.Timer\01.Timer">
      <UniqueIdentifier>{b9456fc0-4505-4cd8-b33f-1ebbd23240e3}</UniqueIdentifier>
    </Filter>
    <Filter Include="95.Engine\02.System\05.Frame">
      <UniqueIdentifier>{d5e77770-ac28-4974-a3d3-08cac8df8baa}</UniqueIdentifier>
    </Filter>
    <Filter Include="95.Engine\02.System\05.Frame\01.Frame">
      <UniqueIdentifier>{31059034-5645-476c-8be2-2541b56b1a39}</UniqueIdentifier>
    </Filter>
    <Filter Include="95.Engine\02.System\05.Frame\00.Manager">
      <UniqueIdentifier>{f3e6a37f-a8f3-4df4-a7f1-076efc339c89}</UniqueIdentifier>
    </Filter>
    <Filter Include="95.Engine\02.System\06.Font">
      <UniqueIdentifier>{71456719-ea1b-4b49-8540-dd51b0a2a163}</UniqueIdentifier>
    </Filter>
    <Filter Include="95.Engine\02.System\06.Font\00.Manager">
      <UniqueIdentifier>{2bc12607-8f38-4802-96b7-e8aa90b07990}</UniqueIdentifier>
    </Filter>
    <Filter Include="95.Engine\02.System\06.Font\01.Font">
      <UniqueIdentifier>{4b03e07b-8ec5-4232-9728-11522157ca9b}</UniqueIdentifier>
    </Filter>
    <Filter Include="95.Engine\00.Utility\04.RenderTarget">
      <UniqueIdentifier>{7abc47df-09db-412c-a3f0-157177b87659}</UniqueIdentifier>
    </Filter>
    <Filter Include="95.Engine\01.Resources\00.Resource">
      <UniqueIdentifier>{42393ec5-92ac-4321-9f9c-ecd3f3f60e4b}</UniqueIdentifier>
    </Filter>
    <Filter Include="95.Engine\01.Resources\00.Resource\00.Manager">
      <UniqueIdentifier>{c466f085-9d51-4f2d-b1c3-3aed40235c8f}</UniqueIdentifier>
    </Filter>
    <Filter Include="95.Engine\00.Utility\05.Shader">
      <UniqueIdentifier>{4a7ce21c-148f-4771-840d-df6310417608}</UniqueIdentifier>
    </Filter>
    <Filter Include="95.Engine\00.Utility\05.Shader\00.Manager">
      <UniqueIdentifier>{c4cd0a28-89d2-4c47-b939-9cd2e4b49820}</UniqueIdentifier>
    </Filter>
    <Filter Include="95.Engine\00.Utility\00.Transform">
      <UniqueIdentifier>{38e882dd-385d-4ba8-9257-4c1ccdb02780}</UniqueIdentifier>
    </Filter>
    <Filter Include="95.Engine\00.Utility\01.Component">
      <UniqueIdentifier>{303996f7-748c-45d4-b9e3-05259f741532}</UniqueIdentifier>
    </Filter>
    <Filter Include="95.Engine\00.Utility\02.AnimationInfo">
      <UniqueIdentifier>{87be4929-5e61-427f-95cb-1e178c6d1555}</UniqueIdentifier>
    </Filter>
    <Filter Include="95.Engine\00.Utility\06.GameObject">
      <UniqueIdentifier>{b38722c4-3e98-4e6d-8246-29f14c3c11b0}</UniqueIdentifier>
    </Filter>
    <Filter Include="95.Engine\00.Utility\07.Layer">
      <UniqueIdentifier>{7cd2f3f1-603b-4801-8437-82ba265d6fe1}</UniqueIdentifier>
    </Filter>
    <Filter Include="95.Engine\00.Utility\08.Management">
      <UniqueIdentifier>{4a3be41c-1f44-42dc-a9c0-9e9555152dc7}</UniqueIdentifier>
    </Filter>
    <Filter Include="95.Engine\00.Utility\09.Renderer">
      <UniqueIdentifier>{e0ff7962-c4d2-40a1-8ee9-e014599fbff1}</UniqueIdentifier>
    </Filter>
    <Filter Include="95.Engine\01.Resources\00.Resource\01.Resources">
      <UniqueIdentifier>{6b4a991e-809f-42ba-9f35-0e6aa170c2f5}</UniqueIdentifier>
    </Filter>
    <Filter Include="95.Engine\01.Resources\01Animation">
      <UniqueIdentifier>{1038c2f8-da50-47c8-94d8-19166bbf8a79}</UniqueIdentifier>
    </Filter>
    <Filter Include="95.Engine\01.Resources\03.Buffer">
      <UniqueIdentifier>{7ffab124-9024-431e-b8b2-e4733f39df5e}</UniqueIdentifier>
    </Filter>
    <Filter Include="95.Engine\01.Resources\03.Buffer\00.CubeTex">
      <UniqueIdentifier>{b800eed4-e85c-47f0-996d-a6f428417bc7}</UniqueIdentifier>
    </Filter>
    <Filter Include="95.Engine\01.Resources\03.Buffer\01.RcTex">
      <UniqueIdentifier>{2662ffe5-2a37-4f71-ba94-7200bc19f123}</UniqueIdentifier>
    </Filter>
    <Filter Include="95.Engine\01.Resources\03.Buffer\02.Mesh">
      <UniqueIdentifier>{806cef39-d204-4f26-bc93-67586afdb11e}</UniqueIdentifier>
    </Filter>
    <Filter Include="95.Engine\01.Resources\03.Buffer\02.Mesh\00.DynamicMesh">
      <UniqueIdentifier>{144639d6-5f9c-483e-9465-8801a6d9a817}</UniqueIdentifier>
    </Filter>
    <Filter Include="95.Engine\01.Resources\03.Buffer\02.Mesh\01.StaticMesh">
      <UniqueIdentifier>{6f633e47-af6d-4984-aca9-104aefe154bc}</UniqueIdentifier>
    </Filter>
    <Filter Include="95.Engine\01.Resources\03.Buffer\02.Mesh\02.Manager">
      <UniqueIdentifier>{89c17f28-ba30-485d-80e4-ec2db286fe3a}</UniqueIdentifier>
    </Filter>
    <Filter Include="95.Engine\00.Utility\04.RenderTarget\00.Manager">
      <UniqueIdentifier>{04d227ac-792a-432c-8e50-fadebfebdbf6}</UniqueIdentifier>
    </Filter>
    <Filter Include="95.Engine\00.Utility\10.Scene">
      <UniqueIdentifier>{db910d6c-f382-4626-bc90-f01e4394c029}</UniqueIdentifier>
    </Filter>
    <Filter Include="95.Engine\00.Utility\11.Camera">
      <UniqueIdentifier>{ff35a911-01a6-4f35-b051-2820f91372ad}</UniqueIdentifier>
    </Filter>
    <Filter Include="95.Engine\00.Utility\11.Camera\00.Manager">
      <UniqueIdentifier>{26543e13-91de-487c-a2d3-f48d500a1ad5}</UniqueIdentifier>
    </Filter>
    <Filter Include="95.Engine\00.Utility\11.Camera\02.DynamicCamera">
      <UniqueIdentifier>{d8e6b9fb-0b8b-43c7-a0c5-dff3848bb35d}</UniqueIdentifier>
    </Filter>
    <Filter Include="95.Engine\00.Utility\05.Shader\01.ShaderCode">
      <UniqueIdentifier>{13b69945-6c4c-4fe3-8cc0-c8dcda34b729}</UniqueIdentifier>
    </Filter>
    <Filter Include="95.Engine\00.Utility\06.GameObject\00.DynamicObject">
      <UniqueIdentifier>{8447b03c-bd9f-4940-bf1f-56e310850b7d}</UniqueIdentifier>
    </Filter>
    <Filter Include="95.Engine\00.Utility\06.GameObject\01.StaticObject">
      <UniqueIdentifier>{cb7c1add-10ae-40fd-891a-6e890b284a6f}</UniqueIdentifier>
    </Filter>
    <Filter Include="02.Object\01.Soldier\00.SoldierMain">
      <UniqueIdentifier>{2b36e40c-3b66-41d3-b555-373e81f51a83}</UniqueIdentifier>
    </Filter>
    <Filter Include="02.Object\01.Soldier\01.OtherPlayer">
      <UniqueIdentifier>{fad12007-0f63-4ee3-8179-ca0887e6da13}</UniqueIdentifier>
    </Filter>
    <Filter Include="02.Object\02.DefaultObject">
      <UniqueIdentifier>{dd822835-712c-4a67-8648-e119dfaf53d2}</UniqueIdentifier>
    </Filter>
    <Filter Include="02.Object\03.Equipment">
      <UniqueIdentifier>{8c439ebf-5628-4572-abc6-2e00978b34a5}</UniqueIdentifier>
    </Filter>
    <Filter Include="02.Object\03.Equipment\00.Gun">
      <UniqueIdentifier>{018484a4-70a3-43f0-9577-f6ff8cd80dd0}</UniqueIdentifier>
    </Filter>
  </ItemGroup>
  <ItemGroup>
    <ClInclude Include="Resource.h">
      <Filter>99.Default</Filter>
    </ClInclude>
    <ClInclude Include="stdafx.h">
      <Filter>99.Default</Filter>
    </ClInclude>
    <ClInclude Include="targetver.h">
      <Filter>99.Default</Filter>
    </ClInclude>
    <ClInclude Include="WarOfMini.h">
      <Filter>99.Default</Filter>
    </ClInclude>
    <ClInclude Include="..\Headers\Include.h">
      <Filter>98.Header</Filter>
    </ClInclude>
    <ClInclude Include="..\Headers\Enum.h">
      <Filter>98.Header</Filter>
    </ClInclude>
    <ClInclude Include="..\Headers\Macro.h">
      <Filter>98.Header</Filter>
    </ClInclude>
    <ClInclude Include="..\Headers\targetver.h">
      <Filter>98.Header</Filter>
    </ClInclude>
    <ClInclude Include="..\Headers\Value.h">
      <Filter>98.Header</Filter>
    </ClInclude>
    <ClInclude Include="..\Headers\Struct.h">
      <Filter>98.Header</Filter>
    </ClInclude>
    <ClInclude Include="..\Headers\Typedef.h">
      <Filter>98.Header</Filter>
    </ClInclude>
    <ClInclude Include="..\Codes\Timer.h">
      <Filter>95.Engine\02.System\02.Timer\01.Timer</Filter>
    </ClInclude>
    <ClInclude Include="..\Codes\Timer_Manager.h">
      <Filter>95.Engine\02.System\02.Timer\00.Manager</Filter>
    </ClInclude>
    <ClInclude Include="..\Headers\Functor.h">
      <Filter>98.Header</Filter>
    </ClInclude>
    <ClInclude Include="..\Codes\FrameMgr.h">
      <Filter>95.Engine\02.System\05.Frame\00.Manager</Filter>
    </ClInclude>
    <ClInclude Include="..\Codes\Frame.h">
      <Filter>95.Engine\02.System\05.Frame\01.Frame</Filter>
    </ClInclude>
    <ClInclude Include="..\Headers\Function.h">
      <Filter>98.Header</Filter>
    </ClInclude>
    <ClInclude Include="..\Codes\Font.h">
      <Filter>95.Engine\02.System\06.Font\01.Font</Filter>
    </ClInclude>
    <ClInclude Include="..\Codes\FontMgr.h">
      <Filter>95.Engine\02.System\06.Font\00.Manager</Filter>
    </ClInclude>
    <ClInclude Include="..\Codes\Input.h">
      <Filter>95.Engine\02.System\03.Input</Filter>
    </ClInclude>
    <ClInclude Include="..\Codes\GraphicDev.h">
      <Filter>95.Engine\02.System\01.GraphicDev</Filter>
    </ClInclude>
    <ClInclude Include="..\Codes\ShaderMgr.h">
      <Filter>95.Engine\00.Utility\05.Shader\00.Manager</Filter>
    </ClInclude>
    <ClInclude Include="..\Codes\Animation.h">
      <Filter>95.Engine\01.Resources\01Animation</Filter>
    </ClInclude>
    <ClInclude Include="..\Codes\CubeTex.h">
      <Filter>95.Engine\01.Resources\03.Buffer\00.CubeTex</Filter>
    </ClInclude>
    <ClInclude Include="..\Codes\RcTex.h">
      <Filter>95.Engine\01.Resources\03.Buffer\01.RcTex</Filter>
    </ClInclude>
    <ClInclude Include="..\Codes\Mesh.h">
      <Filter>95.Engine\01.Resources\03.Buffer\02.Mesh</Filter>
    </ClInclude>
    <ClInclude Include="..\Codes\StaticMesh.h">
      <Filter>95.Engine\01.Resources\03.Buffer\02.Mesh\01.StaticMesh</Filter>
    </ClInclude>
    <ClInclude Include="..\Codes\DynamicMesh.h">
      <Filter>95.Engine\01.Resources\03.Buffer\02.Mesh\00.DynamicMesh</Filter>
    </ClInclude>
    <ClInclude Include="..\Codes\MeshMgr.h">
      <Filter>95.Engine\01.Resources\03.Buffer\02.Mesh\02.Manager</Filter>
    </ClInclude>
    <ClInclude Include="..\Codes\Resources.h">
      <Filter>95.Engine\01.Resources\00.Resource\01.Resources</Filter>
    </ClInclude>
    <ClInclude Include="..\Codes\ResourcesMgr.h">
      <Filter>95.Engine\01.Resources\00.Resource\00.Manager</Filter>
    </ClInclude>
    <ClInclude Include="..\Codes\Texture.h">
      <Filter>95.Engine\01.Resources\02.Texture</Filter>
    </ClInclude>
    <ClInclude Include="..\Codes\AnimationInfo.h">
      <Filter>95.Engine\00.Utility\02.AnimationInfo</Filter>
    </ClInclude>
    <ClInclude Include="..\Codes\Component.h">
      <Filter>95.Engine\00.Utility\01.Component</Filter>
    </ClInclude>
    <ClInclude Include="..\Codes\GameObject.h">
      <Filter>95.Engine\00.Utility\06.GameObject</Filter>
    </ClInclude>
    <ClInclude Include="..\Codes\Layer.h">
      <Filter>95.Engine\00.Utility\07.Layer</Filter>
    </ClInclude>
    <ClInclude Include="..\Codes\Management.h">
      <Filter>95.Engine\00.Utility\08.Management</Filter>
    </ClInclude>
    <ClInclude Include="..\Codes\Renderer.h">
      <Filter>95.Engine\00.Utility\09.Renderer</Filter>
    </ClInclude>
    <ClInclude Include="..\Codes\RenderTarget.h">
      <Filter>95.Engine\00.Utility\04.RenderTarget</Filter>
    </ClInclude>
    <ClInclude Include="..\Codes\RenderTargetMgr.h">
      <Filter>95.Engine\00.Utility\04.RenderTarget\00.Manager</Filter>
    </ClInclude>
    <ClInclude Include="..\Codes\Scene.h">
      <Filter>95.Engine\00.Utility\10.Scene</Filter>
    </ClInclude>
    <ClInclude Include="..\Codes\Transform.h">
      <Filter>95.Engine\00.Utility\00.Transform</Filter>
    </ClInclude>
    <ClInclude Include="..\Codes\Shader.h">
      <Filter>95.Engine\00.Utility\05.Shader</Filter>
    </ClInclude>
    <ClInclude Include="..\Codes\Camera.h">
      <Filter>95.Engine\00.Utility\11.Camera</Filter>
    </ClInclude>
    <ClInclude Include="..\Codes\SceneSelector.h">
      <Filter>01.Scene</Filter>
    </ClInclude>
    <ClInclude Include="..\Codes\Stage.h">
      <Filter>01.Scene\01.Stage</Filter>
    </ClInclude>
    <ClInclude Include="..\Codes\CameraMgr.h">
      <Filter>95.Engine\00.Utility\11.Camera\00.Manager</Filter>
    </ClInclude>
    <ClInclude Include="..\Codes\DynamicCamera.h">
      <Filter>95.Engine\00.Utility\11.Camera\02.DynamicCamera</Filter>
    </ClInclude>
    <ClInclude Include="ClientClass.h">
      <Filter>Server</Filter>
    </ClInclude>
    <ClInclude Include="Protocol.h">
      <Filter>Server</Filter>
    </ClInclude>
    <ClInclude Include="..\Codes\Logo.h">
      <Filter>01.Scene\00.Logo</Filter>
    </ClInclude>
    <ClInclude Include="..\Codes\Loading.h">
      <Filter>01.Scene\99.Loading</Filter>
    </ClInclude>
    <ClInclude Include="..\Codes\MainApp.h">
      <Filter>00.MainApp</Filter>
    </ClInclude>
    <ClInclude Include="..\Codes\DynamicObject.h">
      <Filter>95.Engine\00.Utility\06.GameObject\00.DynamicObject</Filter>
    </ClInclude>
    <ClInclude Include="..\Codes\StaticObject.h">
      <Filter>95.Engine\00.Utility\06.GameObject\01.StaticObject</Filter>
    </ClInclude>
    <ClInclude Include="..\Codes\Equipment.h">
      <Filter>02.Object\03.Equipment</Filter>
    </ClInclude>
    <ClInclude Include="..\Codes\Gun.h">
      <Filter>02.Object\03.Equipment\00.Gun</Filter>
    </ClInclude>
    <ClInclude Include="..\Codes\DefaultObject.h">
      <Filter>02.Object\02.DefaultObject</Filter>
    </ClInclude>
    <ClInclude Include="..\Codes\LogoBack.h">
      <Filter>02.Object\99.LogoBack</Filter>
    </ClInclude>
    <ClInclude Include="..\Codes\Player.h">
      <Filter>02.Object\01.Soldier\00.SoldierMain</Filter>
    </ClInclude>
    <ClInclude Include="..\Codes\OtherPlayer.h">
      <Filter>02.Object\01.Soldier\01.OtherPlayer</Filter>
    </ClInclude>
  </ItemGroup>
  <ItemGroup>
    <ClCompile Include="stdafx.cpp">
      <Filter>99.Default</Filter>
    </ClCompile>
    <ClCompile Include="WarOfMini.cpp">
      <Filter>99.Default</Filter>
    </ClCompile>
    <ClCompile Include="..\Codes\Timer.cpp">
      <Filter>95.Engine\02.System\02.Timer\01.Timer</Filter>
    </ClCompile>
    <ClCompile Include="..\Codes\Timer_Manager.cpp">
      <Filter>95.Engine\02.System\02.Timer\00.Manager</Filter>
    </ClCompile>
    <ClCompile Include="..\Codes\FrameMgr.cpp">
      <Filter>95.Engine\02.System\05.Frame\00.Manager</Filter>
    </ClCompile>
    <ClCompile Include="..\Codes\Frame.cpp">
      <Filter>95.Engine\02.System\05.Frame\01.Frame</Filter>
    </ClCompile>
    <ClCompile Include="..\Codes\Font.cpp">
      <Filter>95.Engine\02.System\06.Font\01.Font</Filter>
    </ClCompile>
    <ClCompile Include="..\Codes\FontMgr.cpp">
      <Filter>95.Engine\02.System\06.Font\00.Manager</Filter>
    </ClCompile>
    <ClCompile Include="..\Codes\Input.cpp">
      <Filter>95.Engine\02.System\03.Input</Filter>
    </ClCompile>
    <ClCompile Include="..\Codes\GraphicDev.cpp">
      <Filter>95.Engine\02.System\01.GraphicDev</Filter>
    </ClCompile>
    <ClCompile Include="..\Codes\ShaderMgr.cpp">
      <Filter>95.Engine\00.Utility\05.Shader\00.Manager</Filter>
    </ClCompile>
    <ClCompile Include="..\Codes\Animation.cpp">
      <Filter>95.Engine\01.Resources\01Animation</Filter>
    </ClCompile>
    <ClCompile Include="..\Codes\CubeTex.cpp">
      <Filter>95.Engine\01.Resources\03.Buffer\00.CubeTex</Filter>
    </ClCompile>
    <ClCompile Include="..\Codes\RcTex.cpp">
      <Filter>95.Engine\01.Resources\03.Buffer\01.RcTex</Filter>
    </ClCompile>
    <ClCompile Include="..\Codes\Mesh.cpp">
      <Filter>95.Engine\01.Resources\03.Buffer\02.Mesh</Filter>
    </ClCompile>
    <ClCompile Include="..\Codes\StaticMesh.cpp">
      <Filter>95.Engine\01.Resources\03.Buffer\02.Mesh\01.StaticMesh</Filter>
    </ClCompile>
    <ClCompile Include="..\Codes\DynamicMesh.cpp">
      <Filter>95.Engine\01.Resources\03.Buffer\02.Mesh\00.DynamicMesh</Filter>
    </ClCompile>
    <ClCompile Include="..\Codes\MeshMgr.cpp">
      <Filter>95.Engine\01.Resources\03.Buffer\02.Mesh\02.Manager</Filter>
    </ClCompile>
    <ClCompile Include="..\Codes\Resources.cpp">
      <Filter>95.Engine\01.Resources\00.Resource\01.Resources</Filter>
    </ClCompile>
    <ClCompile Include="..\Codes\ResourcesMgr.cpp">
      <Filter>95.Engine\01.Resources\00.Resource\00.Manager</Filter>
    </ClCompile>
    <ClCompile Include="..\Codes\Texture.cpp">
      <Filter>95.Engine\01.Resources\02.Texture</Filter>
    </ClCompile>
    <ClCompile Include="..\Codes\AnimationInfo.cpp">
      <Filter>95.Engine\00.Utility\02.AnimationInfo</Filter>
    </ClCompile>
    <ClCompile Include="..\Codes\Component.cpp">
      <Filter>95.Engine\00.Utility\01.Component</Filter>
    </ClCompile>
    <ClCompile Include="..\Codes\GameObject.cpp">
      <Filter>95.Engine\00.Utility\06.GameObject</Filter>
    </ClCompile>
    <ClCompile Include="..\Codes\Layer.cpp">
      <Filter>95.Engine\00.Utility\07.Layer</Filter>
    </ClCompile>
    <ClCompile Include="..\Codes\Management.cpp">
      <Filter>95.Engine\00.Utility\08.Management</Filter>
    </ClCompile>
    <ClCompile Include="..\Codes\Renderer.cpp">
      <Filter>95.Engine\00.Utility\09.Renderer</Filter>
    </ClCompile>
    <ClCompile Include="..\Codes\RenderTarget.cpp">
      <Filter>95.Engine\00.Utility\04.RenderTarget</Filter>
    </ClCompile>
    <ClCompile Include="..\Codes\RenderTargetMgr.cpp">
      <Filter>95.Engine\00.Utility\04.RenderTarget\00.Manager</Filter>
    </ClCompile>
    <ClCompile Include="..\Codes\Scene.cpp">
      <Filter>95.Engine\00.Utility\10.Scene</Filter>
    </ClCompile>
    <ClCompile Include="..\Codes\Transform.cpp">
      <Filter>95.Engine\00.Utility\00.Transform</Filter>
    </ClCompile>
    <ClCompile Include="..\Codes\Shader.cpp">
      <Filter>95.Engine\00.Utility\05.Shader</Filter>
    </ClCompile>
    <ClCompile Include="..\Codes\Camera.cpp">
      <Filter>95.Engine\00.Utility\11.Camera</Filter>
    </ClCompile>
    <ClCompile Include="..\Codes\Stage.cpp">
      <Filter>01.Scene\01.Stage</Filter>
    </ClCompile>
    <ClCompile Include="..\Codes\CameraMgr.cpp">
      <Filter>95.Engine\00.Utility\11.Camera\00.Manager</Filter>
    </ClCompile>
    <ClCompile Include="..\Codes\DynamicCamera.cpp">
      <Filter>95.Engine\00.Utility\11.Camera\02.DynamicCamera</Filter>
    </ClCompile>
    <ClCompile Include="ClientClass.cpp">
      <Filter>Server</Filter>
    </ClCompile>
    <ClCompile Include="..\Codes\Logo.cpp">
      <Filter>01.Scene\00.Logo</Filter>
    </ClCompile>
    <ClCompile Include="..\Codes\Loading.cpp">
      <Filter>01.Scene\99.Loading</Filter>
    </ClCompile>
    <ClCompile Include="..\Codes\MainApp.cpp">
      <Filter>00.MainApp</Filter>
    </ClCompile>
    <ClCompile Include="..\Codes\StaticObject.cpp">
      <Filter>95.Engine\00.Utility\06.GameObject\01.StaticObject</Filter>
    </ClCompile>
    <ClCompile Include="..\Codes\DynamicObject.cpp">
      <Filter>95.Engine\00.Utility\06.GameObject\00.DynamicObject</Filter>
    </ClCompile>
    <ClCompile Include="..\Codes\Equipment.cpp">
      <Filter>02.Object\03.Equipment</Filter>
    </ClCompile>
    <ClCompile Include="..\Codes\Gun.cpp">
      <Filter>02.Object\03.Equipment\00.Gun</Filter>
    </ClCompile>
    <ClCompile Include="..\Codes\DefaultObject.cpp">
      <Filter>02.Object\02.DefaultObject</Filter>
    </ClCompile>
    <ClCompile Include="..\Codes\LogoBack.cpp">
      <Filter>02.Object\99.LogoBack</Filter>
    </ClCompile>
    <ClCompile Include="..\Codes\Player.cpp">
      <Filter>02.Object\01.Soldier\00.SoldierMain</Filter>
    </ClCompile>
    <ClCompile Include="..\Codes\OtherPlayer.cpp">
      <Filter>02.Object\01.Soldier\01.OtherPlayer</Filter>
    </ClCompile>
  </ItemGroup>
  <ItemGroup>
    <Image Include="small.ico">
      <Filter>99.Default</Filter>
    </Image>
    <Image Include="WarOfMini.ico">
      <Filter>99.Default</Filter>
    </Image>
  </ItemGroup>
  <ItemGroup>
    <ResourceCompile Include="WarOfMini.rc">
      <Filter>99.Default</Filter>
    </ResourceCompile>
  </ItemGroup>
  <ItemGroup>
    <Text Include="ReadMe.txt">
      <Filter>99.Default</Filter>
    </Text>
  </ItemGroup>
  <ItemGroup>
    <FxCompile Include="..\Bin\ShaderCode\Shader_Default.fx">
      <Filter>95.Engine\00.Utility\05.Shader\01.ShaderCode</Filter>
    </FxCompile>
    <FxCompile Include="..\Bin\ShaderCode\Shader_DynamicMesh.fx">
      <Filter>95.Engine\00.Utility\05.Shader\01.ShaderCode</Filter>
    </FxCompile>
    <FxCompile Include="..\Bin\ShaderCode\Shader_FogResult.fx">
      <Filter>95.Engine\00.Utility\05.Shader\01.ShaderCode</Filter>
    </FxCompile>
    <FxCompile Include="..\Bin\ShaderCode\Shader_Instancing.fx">
      <Filter>95.Engine\00.Utility\05.Shader\01.ShaderCode</Filter>
    </FxCompile>
    <FxCompile Include="..\Bin\ShaderCode\Shader_Normal.fx">
      <Filter>95.Engine\00.Utility\05.Shader\01.ShaderCode</Filter>
    </FxCompile>
    <FxCompile Include="..\Bin\ShaderCode\Shader_Skybox.fx">
      <Filter>95.Engine\00.Utility\05.Shader\01.ShaderCode</Filter>
    </FxCompile>
    <FxCompile Include="..\Bin\ShaderCode\Shader_Terrain.fx">
      <Filter>95.Engine\00.Utility\05.Shader\01.ShaderCode</Filter>
    </FxCompile>
  </ItemGroup>
</Project>